
Microsoft Visual Studio Solution File, Format Version 12.00
# Visual Studio 2013
VisualStudioVersion = 12.0.30501.0
MinimumVisualStudioVersion = 10.0.40219.1
Project("{FAE04EC0-301F-11D3-BF4B-00C04F79EFBC}") = "aula12-Emit-ILGenerator", "aula12-Emit-ILGenerator\aula12-Emit-ILGenerator.csproj", "{C02B1406-AD47-44B8-B904-8967BAA2109E}"
EndProject
Global
	GlobalSection(SolutionConfigurationPlatforms) = preSolution
		Debug|Any CPU = Debug|Any CPU
		Release|Any CPU = Release|Any CPU
	EndGlobalSection
	GlobalSection(ProjectConfigurationPlatforms) = postSolution
		{C02B1406-AD47-44B8-B904-8967BAA2109E}.Debug|Any CPU.ActiveCfg = Debug|Any CPU
		{C02B1406-AD47-44B8-B904-8967BAA2109E}.Debug|Any CPU.Build.0 = Debug|Any CPU
		{C02B1406-AD47-44B8-B904-8967BAA2109E}.Release|Any CPU.ActiveCfg = Release|Any CPU
		{C02B1406-AD47-44B8-B904-8967BAA2109E}.Release|Any CPU.Build.0 = Release|Any CPU
	EndGlobalSection
	GlobalSection(SolutionProperties) = preSolution
		HideSolutionNode = FALSE
	EndGlobalSection
EndGlobal
