
Microsoft Visual Studio Solution File, Format Version 12.00
# Visual Studio 2013
VisualStudioVersion = 12.0.30501.0
MinimumVisualStudioVersion = 10.0.40219.1
Project("{FAE04EC0-301F-11D3-BF4B-00C04F79EFBC}") = "FunctionalPipe", "FunctionalPipe\FunctionalPipe.csproj", "{46061670-EE9B-4625-85E6-514641FCC076}"
EndProject
Project("{FAE04EC0-301F-11D3-BF4B-00C04F79EFBC}") = "FunctionalPipeTest", "FunctionalPipeTest\FunctionalPipeTest.csproj", "{AE00B2E0-C829-499A-9B00-39D56B905FB7}"
EndProject
Project("{FAE04EC0-301F-11D3-BF4B-00C04F79EFBC}") = "ArraysUtils", "ArraysUtils\ArraysUtils.csproj", "{CDB088DF-6732-4DF3-BDAB-48CDD8F12754}"
EndProject
Project("{FAE04EC0-301F-11D3-BF4B-00C04F79EFBC}") = "VarianceUtils", "VarianceUtils\VarianceUtils.csproj", "{5AB675AF-D990-4EDE-A15D-62457CE006BC}"
EndProject
Global
	GlobalSection(SolutionConfigurationPlatforms) = preSolution
		Debug|Any CPU = Debug|Any CPU
		Release|Any CPU = Release|Any CPU
	EndGlobalSection
	GlobalSection(ProjectConfigurationPlatforms) = postSolution
		{46061670-EE9B-4625-85E6-514641FCC076}.Debug|Any CPU.ActiveCfg = Debug|Any CPU
		{46061670-EE9B-4625-85E6-514641FCC076}.Debug|Any CPU.Build.0 = Debug|Any CPU
		{46061670-EE9B-4625-85E6-514641FCC076}.Release|Any CPU.ActiveCfg = Release|Any CPU
		{46061670-EE9B-4625-85E6-514641FCC076}.Release|Any CPU.Build.0 = Release|Any CPU
		{AE00B2E0-C829-499A-9B00-39D56B905FB7}.Debug|Any CPU.ActiveCfg = Debug|Any CPU
		{AE00B2E0-C829-499A-9B00-39D56B905FB7}.Debug|Any CPU.Build.0 = Debug|Any CPU
		{AE00B2E0-C829-499A-9B00-39D56B905FB7}.Release|Any CPU.ActiveCfg = Release|Any CPU
		{AE00B2E0-C829-499A-9B00-39D56B905FB7}.Release|Any CPU.Build.0 = Release|Any CPU
		{CDB088DF-6732-4DF3-BDAB-48CDD8F12754}.Debug|Any CPU.ActiveCfg = Debug|Any CPU
		{CDB088DF-6732-4DF3-BDAB-48CDD8F12754}.Debug|Any CPU.Build.0 = Debug|Any CPU
		{CDB088DF-6732-4DF3-BDAB-48CDD8F12754}.Release|Any CPU.ActiveCfg = Release|Any CPU
		{CDB088DF-6732-4DF3-BDAB-48CDD8F12754}.Release|Any CPU.Build.0 = Release|Any CPU
		{5AB675AF-D990-4EDE-A15D-62457CE006BC}.Debug|Any CPU.ActiveCfg = Debug|Any CPU
		{5AB675AF-D990-4EDE-A15D-62457CE006BC}.Debug|Any CPU.Build.0 = Debug|Any CPU
		{5AB675AF-D990-4EDE-A15D-62457CE006BC}.Release|Any CPU.ActiveCfg = Release|Any CPU
		{5AB675AF-D990-4EDE-A15D-62457CE006BC}.Release|Any CPU.Build.0 = Release|Any CPU
	EndGlobalSection
	GlobalSection(SolutionProperties) = preSolution
		HideSolutionNode = FALSE
	EndGlobalSection
EndGlobal
